version = 4

[[package]]
name = "serde"
version = "1.0.219"
source = "registry+https://github.com/rust-lang/crates.io-index"
checksum = "0123456789abcdef0123456789abcdef0123456789abcdef0123456789abcdef"

dependencies = [
  "serde_derive",
]

[[package]]
name = "serde_derive"
version = "1.0.219"
source = "registry+https://github.com/rust-lang/crates.io-index"
checksum = "fedcba9876543210fedcba9876543210fedcba9876543210fedcba9876543210"
