[[package]]
name = "requests"
version = "2.32.3"
description = "Python HTTP for Humans."
optional = false
python-versions = ">=3.8"
groups = ["main"]
files = [
  { file = "requests-2.32.3-py3-none-any.whl", hash = "sha256:1111111111111111111111111111111111111111111111111111111111111111" },
  { file = "requests-2.32.3.tar.gz", hash = "sha256:2222222222222222222222222222222222222222222222222222222222222222" },
]

[package.dependencies]
charset-normalizer = ">=2,<4"
idna = ">=2.5,<4"
urllib3 = ">=1.21.1,<3"
certifi = ">=2017.4.17"
