version = 1
revision = 3
requires-python = ">=3.12"

[[package]]
name = "httpx"
version = "0.28.1"
source = { registry = "https://pypi.org/simple" }
dependencies = [
  { name = "anyio" },
  { name = "certifi" },
  { name = "httpcore" },
  { name = "idna" },
]
sdist = { url = "https://files.pythonhosted.org/packages/source/h/httpx/httpx-0.28.1.tar.gz", hash = "sha256:3333333333333333333333333333333333333333333333333333333333333333", size = 145678 }

[[package]]
name = "idna"
version = "3.10"
source = { registry = "https://pypi.org/simple" }
